
Microsoft Visual Studio Solution File, Format Version 12.00
# Visual Studio Version 16
VisualStudioVersion = 16.0.29806.167
MinimumVisualStudioVersion = 10.0.40219.1
Project("{FAE04EC0-301F-11D3-BF4B-00C04F79EFBC}") = "sd", "Patterns\sd.csproj", "{938C93C4-88A0-44F1-B8F6-6AE66DC254FE}"
EndProject
Project("{FAE04EC0-301F-11D3-BF4B-00C04F79EFBC}") = "Strategy", "Strategy\Strategy.csproj", "{784BCE73-AFC9-46A3-8A78-5DF0F83031A2}"
EndProject
Global
	GlobalSection(SolutionConfigurationPlatforms) = preSolution
		Debug|Any CPU = Debug|Any CPU
		Release|Any CPU = Release|Any CPU
	EndGlobalSection
	GlobalSection(ProjectConfigurationPlatforms) = postSolution
		{938C93C4-88A0-44F1-B8F6-6AE66DC254FE}.Debug|Any CPU.ActiveCfg = Debug|Any CPU
		{938C93C4-88A0-44F1-B8F6-6AE66DC254FE}.Debug|Any CPU.Build.0 = Debug|Any CPU
		{938C93C4-88A0-44F1-B8F6-6AE66DC254FE}.Release|Any CPU.ActiveCfg = Release|Any CPU
		{938C93C4-88A0-44F1-B8F6-6AE66DC254FE}.Release|Any CPU.Build.0 = Release|Any CPU
		{784BCE73-AFC9-46A3-8A78-5DF0F83031A2}.Debug|Any CPU.ActiveCfg = Debug|Any CPU
		{784BCE73-AFC9-46A3-8A78-5DF0F83031A2}.Debug|Any CPU.Build.0 = Debug|Any CPU
		{784BCE73-AFC9-46A3-8A78-5DF0F83031A2}.Release|Any CPU.ActiveCfg = Release|Any CPU
		{784BCE73-AFC9-46A3-8A78-5DF0F83031A2}.Release|Any CPU.Build.0 = Release|Any CPU
	EndGlobalSection
	GlobalSection(SolutionProperties) = preSolution
		HideSolutionNode = FALSE
	EndGlobalSection
	GlobalSection(ExtensibilityGlobals) = postSolution
		SolutionGuid = {79509621-064D-48B5-8238-0FEF35D7FB1A}
	EndGlobalSection
EndGlobal
